// !$*UTF8*$!
{
	archiveVersion = 1;
	classes = {
	};
	objectVersion = 55;
	objects = {

/* Begin PBXFileReference section */
		7E0561D328858CA400120181 /* 09.optional.playground */ = {isa = PBXFileReference; lastKnownFileType = file.playground; path = 09.optional.playground; sourceTree = "<group>"; xcLanguageSpecificationIdentifier = xcode.lang.swift; };
		7E10353928719754007371E8 /* 00.AboutSwift.playground */ = {isa = PBXFileReference; lastKnownFileType = file.playground; path = 00.AboutSwift.playground; sourceTree = "<group>"; xcLanguageSpecificationIdentifier = xcode.lang.swift; };
		7E10353A287197DB007371E8 /* 01.swiftConsole.playground */ = {isa = PBXFileReference; lastKnownFileType = file.playground; path = 01.swiftConsole.playground; sourceTree = "<group>"; xcLanguageSpecificationIdentifier = xcode.lang.swift; };
		7E10353C28719CE8007371E8 /* 00.namingRule.playground */ = {isa = PBXFileReference; lastKnownFileType = file.playground; path = 00.namingRule.playground; sourceTree = "<group>"; xcLanguageSpecificationIdentifier = xcode.lang.swift; };
		7E10353D2871BBC6007371E8 /* 01.variableAndConstant.playground */ = {isa = PBXFileReference; lastKnownFileType = file.playground; path = 01.variableAndConstant.playground; sourceTree = "<group>"; xcLanguageSpecificationIdentifier = xcode.lang.swift; };
		7E118530287451800067D937 /* 03.advancedDataType.playground */ = {isa = PBXFileReference; lastKnownFileType = file.playground; path = 03.advancedDataType.playground; sourceTree = "<group>"; xcLanguageSpecificationIdentifier = xcode.lang.swift; };
		7E118531287451C70067D937 /* 04.collections.playground */ = {isa = PBXFileReference; lastKnownFileType = file.playground; path = 04.collections.playground; sourceTree = "<group>"; xcLanguageSpecificationIdentifier = xcode.lang.swift; };
		7E1185322874562E0067D937 /* 05.enumeration.playground */ = {isa = PBXFileReference; lastKnownFileType = file.playground; path = 05.enumeration.playground; sourceTree = "<group>"; xcLanguageSpecificationIdentifier = xcode.lang.swift; };
		7E11853328746D470067D937 /* 06.operator.playground */ = {isa = PBXFileReference; lastKnownFileType = file.playground; path = 06.operator.playground; sourceTree = "<group>"; xcLanguageSpecificationIdentifier = xcode.lang.swift; };
		7E939242287AF5F300A11EA8 /* 07.flowController.playground */ = {isa = PBXFileReference; lastKnownFileType = file.playground; path = 07.flowController.playground; sourceTree = "<group>"; xcLanguageSpecificationIdentifier = xcode.lang.swift; };
		7E99DCAA28804BC50051BF41 /* 08.function.playground */ = {isa = PBXFileReference; lastKnownFileType = file.playground; path = 08.function.playground; sourceTree = "<group>"; xcLanguageSpecificationIdentifier = xcode.lang.swift; };
		7EB4E2802871BE8B00D76E7B /* 02.dataType.playground */ = {isa = PBXFileReference; lastKnownFileType = file.playground; path = 02.dataType.playground; sourceTree = "<group>"; xcLanguageSpecificationIdentifier = xcode.lang.swift; };
		7EF881EF288AD359004201B8 /* 02.propertyAndMethod.playground */ = {isa = PBXFileReference; lastKnownFileType = file.playground; path = 02.propertyAndMethod.playground; sourceTree = "<group>"; xcLanguageSpecificationIdentifier = xcode.lang.swift; };
		7EF881F0288BB468004201B8 /* InstanceInitAndDeinit.playground */ = {isa = PBXFileReference; lastKnownFileType = file.playground; path = InstanceInitAndDeinit.playground; sourceTree = "<group>"; xcLanguageSpecificationIdentifier = xcode.lang.swift; };
		7EF881F1288D4B90004201B8 /* 03.accessControl.playground */ = {isa = PBXFileReference; lastKnownFileType = file.playground; path = 03.accessControl.playground; sourceTree = "<group>"; xcLanguageSpecificationIdentifier = xcode.lang.swift; };
		7EF9AA8D288971660060B951 /* 01.structureAndClass.playground */ = {isa = PBXFileReference; lastKnownFileType = file.playground; path = 01.structureAndClass.playground; sourceTree = "<group>"; xcLanguageSpecificationIdentifier = xcode.lang.swift; };
/* End PBXFileReference section */

/* Begin PBXGroup section */
		7E10352E2871966F007371E8 = {
			isa = PBXGroup;
			children = (
				7EF9AA8C288971440060B951 /* 02.oop */,
				7E10353B28719C9C007371E8 /* 01.basic */,
				7E1035382871972F007371E8 /* 00.abountSwift */,
			);
			sourceTree = "<group>";
		};
		7E1035382871972F007371E8 /* 00.abountSwift */ = {
			isa = PBXGroup;
			children = (
				7E10353928719754007371E8 /* 00.AboutSwift.playground */,
				7E10353A287197DB007371E8 /* 01.swiftConsole.playground */,
			);
			path = 00.abountSwift;
			sourceTree = "<group>";
		};
		7E10353B28719C9C007371E8 /* 01.basic */ = {
			isa = PBXGroup;
			children = (
				7E10353C28719CE8007371E8 /* 00.namingRule.playground */,
				7E10353D2871BBC6007371E8 /* 01.variableAndConstant.playground */,
				7EB4E2802871BE8B00D76E7B /* 02.dataType.playground */,
				7E118530287451800067D937 /* 03.advancedDataType.playground */,
				7E118531287451C70067D937 /* 04.collections.playground */,
				7E1185322874562E0067D937 /* 05.enumeration.playground */,
				7E11853328746D470067D937 /* 06.operator.playground */,
				7E939242287AF5F300A11EA8 /* 07.flowController.playground */,
				7E99DCAA28804BC50051BF41 /* 08.function.playground */,
				7E0561D328858CA400120181 /* 09.optional.playground */,
			);
			path = 01.basic;
			sourceTree = "<group>";
		};
		7EF9AA8C288971440060B951 /* 02.oop */ = {
			isa = PBXGroup;
			children = (
				7EF9AA8D288971660060B951 /* 01.structureAndClass.playground */,
				7EF881EF288AD359004201B8 /* 02.propertyAndMethod.playground */,
				7EF881F0288BB468004201B8 /* InstanceInitAndDeinit.playground */,
				7EF881F1288D4B90004201B8 /* 03.accessControl.playground */,
			);
			path = 02.oop;
			sourceTree = "<group>";
		};
/* End PBXGroup section */

/* Begin PBXProject section */
		7E10352F2871966F007371E8 /* Project object */ = {
			isa = PBXProject;
			attributes = {
				BuildIndependentTargetsInParallel = 1;
				LastUpgradeCheck = 1340;
			};
			buildConfigurationList = 7E1035322871966F007371E8 /* Build configuration list for PBXProject "learnSwift" */;
			compatibilityVersion = "Xcode 13.0";
			developmentRegion = en;
			hasScannedForEncodings = 0;
			knownRegions = (
				en,
				Base,
			);
			mainGroup = 7E10352E2871966F007371E8;
			projectDirPath = "";
			projectRoot = "";
			targets = (
			);
		};
/* End PBXProject section */

/* Begin XCBuildConfiguration section */
		7E1035332871966F007371E8 /* Debug */ = {
			isa = XCBuildConfiguration;
			buildSettings = {
			};
			name = Debug;
		};
		7E1035342871966F007371E8 /* Release */ = {
			isa = XCBuildConfiguration;
			buildSettings = {
			};
			name = Release;
		};
/* End XCBuildConfiguration section */

/* Begin XCConfigurationList section */
		7E1035322871966F007371E8 /* Build configuration list for PBXProject "learnSwift" */ = {
			isa = XCConfigurationList;
			buildConfigurations = (
				7E1035332871966F007371E8 /* Debug */,
				7E1035342871966F007371E8 /* Release */,
			);
			defaultConfigurationIsVisible = 0;
			defaultConfigurationName = Release;
		};
/* End XCConfigurationList section */
	};
	rootObject = 7E10352F2871966F007371E8 /* Project object */;
}
